<?xml version="1.0" encoding="utf-8"?>
<Project ToolsVersion="4.0" xmlns="http://schemas.microsoft.com/developer/msbuild/2003">
  <ItemGroup>
    <ClCompile Include="chatwindow.cpp" />
    <ClCompile Include="cmdprocs.cpp" />
    <ClCompile Include="cmdwindow.cpp" />
    <ClCompile Include="deathwindow.cpp" />
    <ClCompile Include="events.cpp" />
    <ClCompile Include="exceptions.cpp" />
    <ClCompile Include="fontrender.cpp" />
    <ClCompile Include="helpdialog.cpp" />
    <ClCompile Include="label.cpp" />
    <ClCompile Include="main.cpp" />
    <ClCompile Include="md5.cpp" />
    <ClCompile Include="netstats.cpp" />
    <ClCompile Include="newplayertags.cpp" />
    <ClCompile Include="playertags.cpp" />
    <ClCompile Include="runutil.cpp" />
    <ClCompile Include="scoreboard.cpp" />
    <ClCompile Include="spawnscreen.cpp" />
    <ClCompile Include="subclass.cpp" />
    <ClCompile Include="svrnetstats.cpp" />
    <ClCompile Include="game\actorped.cpp">
      <Filter>game</Filter>
    </ClCompile>
    <ClCompile Include="game\aimstuff.cpp">
      <Filter>game</Filter>
    </ClCompile>
    <ClCompile Include="game\camera.cpp">
      <Filter>game</Filter>
    </ClCompile>
    <ClCompile Include="game\cheats.cpp">
      <Filter>game</Filter>
    </ClCompile>
    <ClCompile Include="game\debug.cpp">
      <Filter>game</Filter>
    </ClCompile>
    <ClCompile Include="game\entity.cpp">
      <Filter>game</Filter>
    </ClCompile>
    <ClCompile Include="game\font.cpp">
      <Filter>game</Filter>
    </ClCompile>
    <ClCompile Include="game\game.cpp">
      <Filter>game</Filter>
    </ClCompile>
    <ClCompile Include="game\hooks.cpp">
      <Filter>game</Filter>
    </ClCompile>
    <ClCompile Include="game\keystuff.cpp">
      <Filter>game</Filter>
    </ClCompile>
    <ClCompile Include="game\menu.cpp">
      <Filter>game</Filter>
    </ClCompile>
    <ClCompile Include="game\object.cpp">
      <Filter>game</Filter>
    </ClCompile>
    <ClCompile Include="game\patches.cpp">
      <Filter>game</Filter>
    </ClCompile>
    <ClCompile Include="game\playerped.cpp">
      <Filter>game</Filter>
    </ClCompile>
    <ClCompile Include="game\scripting.cpp">
      <Filter>game</Filter>
    </ClCompile>
    <ClCompile Include="game\task.cpp">
      <Filter>game</Filter>
    </ClCompile>
    <ClCompile Include="game\textdraw.cpp">
      <Filter>game</Filter>
    </ClCompile>
    <ClCompile Include="game\util.cpp">
      <Filter>game</Filter>
    </ClCompile>
    <ClCompile Include="game\vehicle.cpp">
      <Filter>game</Filter>
    </ClCompile>
    <ClCompile Include="net\actorpool.cpp">
      <Filter>net</Filter>
    </ClCompile>
    <ClCompile Include="net\gangzonepool.cpp">
      <Filter>net</Filter>
    </ClCompile>
    <ClCompile Include="net\localplayer.cpp">
      <Filter>net</Filter>
    </ClCompile>
    <ClCompile Include="net\menupool.cpp">
      <Filter>net</Filter>
    </ClCompile>
    <ClCompile Include="net\netgame.cpp">
      <Filter>net</Filter>
    </ClCompile>
    <ClCompile Include="net\netrpc.cpp">
      <Filter>net</Filter>
    </ClCompile>
    <ClCompile Include="net\objectpool.cpp">
      <Filter>net</Filter>
    </ClCompile>
    <ClCompile Include="net\pickuppool.cpp">
      <Filter>net</Filter>
    </ClCompile>
    <ClCompile Include="net\playerpool.cpp">
      <Filter>net</Filter>
    </ClCompile>
    <ClCompile Include="net\remoteactor.cpp">
      <Filter>net</Filter>
    </ClCompile>
    <ClCompile Include="net\remoteplayer.cpp">
      <Filter>net</Filter>
    </ClCompile>
    <ClCompile Include="net\scriptrpc.cpp">
      <Filter>net</Filter>
    </ClCompile>
    <ClCompile Include="net\textdrawpool.cpp">
      <Filter>net</Filter>
    </ClCompile>
    <ClCompile Include="net\vehiclepool.cpp">
      <Filter>net</Filter>
    </ClCompile>
    <ClCompile Include="gui\font.cpp">
      <Filter>gui</Filter>
    </ClCompile>
    <ClCompile Include="gui\fontmanager.cpp">
      <Filter>gui</Filter>
    </ClCompile>
    <ClCompile Include="gui\stateblockmanager.cpp">
      <Filter>gui</Filter>
    </ClCompile>
    <ClCompile Include="gui\textbuffer.cpp">
      <Filter>gui</Filter>
    </ClCompile>
    <ClCompile Include="gui\textbufferbase.cpp">
      <Filter>gui</Filter>
    </ClCompile>
    <ClCompile Include="gui\texture.cpp">
      <Filter>gui</Filter>
    </ClCompile>
    <ClCompile Include="..\raknet\_findfirst.cpp">
      <Filter>raknet</Filter>
    </ClCompile>
    <ClCompile Include="..\raknet\AsynchronousFileIO.cpp">
      <Filter>raknet</Filter>
    </ClCompile>
    <ClCompile Include="..\raknet\BitStream.cpp">
      <Filter>raknet</Filter>
    </ClCompile>
    <ClCompile Include="..\raknet\BitStream_NoTemplate.cpp">
      <Filter>raknet</Filter>
    </ClCompile>
    <ClCompile Include="..\raknet\CheckSum.cpp">
      <Filter>raknet</Filter>
    </ClCompile>
    <ClCompile Include="..\raknet\DataBlockEncryptor.cpp">
      <Filter>raknet</Filter>
    </ClCompile>
    <ClCompile Include="..\raknet\DataCompressor.cpp">
      <Filter>raknet</Filter>
    </ClCompile>
    <ClCompile Include="..\raknet\DS_ByteQueue.cpp">
      <Filter>raknet</Filter>
    </ClCompile>
    <ClCompile Include="..\raknet\DS_HuffmanEncodingTree.cpp">
      <Filter>raknet</Filter>
    </ClCompile>
    <ClCompile Include="..\raknet\DS_Table.cpp">
      <Filter>raknet</Filter>
    </ClCompile>
    <ClCompile Include="..\raknet\EncodeClassName.cpp">
      <Filter>raknet</Filter>
    </ClCompile>
    <ClCompile Include="..\raknet\GetTime.cpp">
      <Filter>raknet</Filter>
    </ClCompile>
    <ClCompile Include="..\raknet\InternalPacketPool.cpp">
      <Filter>raknet</Filter>
    </ClCompile>
    <ClCompile Include="..\raknet\LinuxStrings.cpp">
      <Filter>raknet</Filter>
    </ClCompile>
    <ClCompile Include="..\raknet\NetworkIDGenerator.cpp">
      <Filter>raknet</Filter>
    </ClCompile>
    <ClCompile Include="..\raknet\NetworkTypes.cpp">
      <Filter>raknet</Filter>
    </ClCompile>
    <ClCompile Include="..\raknet\PluginInterface.cpp">
      <Filter>raknet</Filter>
    </ClCompile>
    <ClCompile Include="..\raknet\RakClient.cpp">
      <Filter>raknet</Filter>
    </ClCompile>
    <ClCompile Include="..\raknet\RakNetStatistics.cpp">
      <Filter>raknet</Filter>
    </ClCompile>
    <ClCompile Include="..\raknet\RakNetworkFactory.cpp">
      <Filter>raknet</Filter>
    </ClCompile>
    <ClCompile Include="..\raknet\RakPeer.cpp">
      <Filter>raknet</Filter>
    </ClCompile>
    <ClCompile Include="..\raknet\rakserver.cpp">
      <Filter>raknet</Filter>
    </ClCompile>
    <ClCompile Include="..\raknet\RakSleep.cpp">
      <Filter>raknet</Filter>
    </ClCompile>
    <ClCompile Include="..\raknet\Rand.cpp">
      <Filter>raknet</Filter>
    </ClCompile>
    <ClCompile Include="..\raknet\ReliabilityLayer.cpp">
      <Filter>raknet</Filter>
    </ClCompile>
    <ClCompile Include="..\raknet\rijndael.cpp">
      <Filter>raknet</Filter>
    </ClCompile>
    <ClCompile Include="..\raknet\RPCMap.cpp">
      <Filter>raknet</Filter>
    </ClCompile>
    <ClCompile Include="..\raknet\SHA1.cpp">
      <Filter>raknet</Filter>
    </ClCompile>
    <ClCompile Include="..\raknet\SimpleMutex.cpp">
      <Filter>raknet</Filter>
    </ClCompile>
    <ClCompile Include="..\raknet\SocketLayer.cpp">
      <Filter>raknet</Filter>
    </ClCompile>
    <ClCompile Include="..\raknet\StringCompressor.cpp">
      <Filter>raknet</Filter>
    </ClCompile>
    <ClCompile Include="..\raknet\StringTable.cpp">
      <Filter>raknet</Filter>
    </ClCompile>
    <ClCompile Include="..\raknet\SystemAddressList.cpp">
      <Filter>raknet</Filter>
    </ClCompile>
    <ClCompile Include="..\raknet\TableSerializer.cpp">
      <Filter>raknet</Filter>
    </ClCompile>
    <ClCompile Include="d3d9\common\dxstdafx.cpp">
      <Filter>CDX</Filter>
    </ClCompile>
    <ClCompile Include="d3d9\common\DXUT.cpp">
      <Filter>CDX</Filter>
    </ClCompile>
    <ClCompile Include="d3d9\common\DXUTenum.cpp">
      <Filter>CDX</Filter>
    </ClCompile>
    <ClCompile Include="d3d9\common\DXUTgui.cpp">
      <Filter>CDX</Filter>
    </ClCompile>
    <ClCompile Include="d3d9\common\DXUTMesh.cpp">
      <Filter>CDX</Filter>
    </ClCompile>
    <ClCompile Include="d3d9\common\DXUTmisc.cpp">
      <Filter>CDX</Filter>
    </ClCompile>
    <ClCompile Include="d3d9\common\DXUTSettingsDlg.cpp">
      <Filter>CDX</Filter>
    </ClCompile>
    <ClCompile Include="d3dhook\IDirect3DDevice9Hook.cpp">
      <Filter>d3d9</Filter>
    </ClCompile>
    <ClCompile Include="..\raknet\SAMP\samp_auth.cpp">
      <Filter>raknet\samp</Filter>
    </ClCompile>
    <ClCompile Include="..\raknet\SAMP\samp_netencr.cpp">
      <Filter>raknet\samp</Filter>
    </ClCompile>
    <ClCompile Include="..\raknet\SAMP\SAMPRPC.cpp">
      <Filter>raknet\samp</Filter>
    </ClCompile>
    <ClCompile Include="net\labelpool.cpp">
      <Filter>net</Filter>
    </ClCompile>
  </ItemGroup>
  <ItemGroup>
    <ClInclude Include="afxres.h" />
    <ClInclude Include="buildinfo.h" />
    <ClInclude Include="chatwindow.h" />
    <ClInclude Include="cmdwindow.h" />
    <ClInclude Include="deathwindow.h" />
    <ClInclude Include="fontrender.h" />
    <ClInclude Include="helpdialog.h" />
    <ClInclude Include="label.h" />
    <ClInclude Include="main.h" />
    <ClInclude Include="md5.h" />
    <ClInclude Include="netstats.h" />
    <ClInclude Include="newplayertags.h" />
    <ClInclude Include="outputdebugstring.h" />
    <ClInclude Include="playertags.h" />
    <ClInclude Include="resource.h" />
    <ClInclude Include="runutil.h" />
    <ClInclude Include="scoreboard.h" />
    <ClInclude Include="spawnscreen.h" />
    <ClInclude Include="svrnetstats.h" />
    <ClInclude Include="game\actorped.h">
      <Filter>game</Filter>
    </ClInclude>
    <ClInclude Include="game\address.h">
      <Filter>game</Filter>
    </ClInclude>
    <ClInclude Include="game\aimstuff.h">
      <Filter>game</Filter>
    </ClInclude>
    <ClInclude Include="game\camera.h">
      <Filter>game</Filter>
    </ClInclude>
    <ClInclude Include="game\common.h">
      <Filter>game</Filter>
    </ClInclude>
    <ClInclude Include="game\debug.h">
      <Filter>game</Filter>
    </ClInclude>
    <ClInclude Include="game\entity.h">
      <Filter>game</Filter>
    </ClInclude>
    <ClInclude Include="game\font.h">
      <Filter>game</Filter>
    </ClInclude>
    <ClInclude Include="game\game.h">
      <Filter>game</Filter>
    </ClInclude>
    <ClInclude Include="game\keystuff.h">
      <Filter>game</Filter>
    </ClInclude>
    <ClInclude Include="game\menu.h">
      <Filter>game</Filter>
    </ClInclude>
    <ClInclude Include="game\object.h">
      <Filter>game</Filter>
    </ClInclude>
    <ClInclude Include="game\playerped.h">
      <Filter>game</Filter>
    </ClInclude>
    <ClInclude Include="game\scripting.h">
      <Filter>game</Filter>
    </ClInclude>
    <ClInclude Include="game\task.h">
      <Filter>game</Filter>
    </ClInclude>
    <ClInclude Include="game\textdraw.h">
      <Filter>game</Filter>
    </ClInclude>
    <ClInclude Include="game\util.h">
      <Filter>game</Filter>
    </ClInclude>
    <ClInclude Include="game\vehicle.h">
      <Filter>game</Filter>
    </ClInclude>
    <ClInclude Include="net\actorpool.h">
      <Filter>net</Filter>
    </ClInclude>
    <ClInclude Include="net\gangzonepool.h">
      <Filter>net</Filter>
    </ClInclude>
    <ClInclude Include="net\localplayer.h">
      <Filter>net</Filter>
    </ClInclude>
    <ClInclude Include="net\menupool.h">
      <Filter>net</Filter>
    </ClInclude>
    <ClInclude Include="net\netgame.h">
      <Filter>net</Filter>
    </ClInclude>
    <ClInclude Include="net\netrpc.h">
      <Filter>net</Filter>
    </ClInclude>
    <ClInclude Include="net\objectpool.h">
      <Filter>net</Filter>
    </ClInclude>
    <ClInclude Include="net\pickuppool.h">
      <Filter>net</Filter>
    </ClInclude>
    <ClInclude Include="net\player_pool.h">
      <Filter>net</Filter>
    </ClInclude>
    <ClInclude Include="net\playerpool.h">
      <Filter>net</Filter>
    </ClInclude>
    <ClInclude Include="net\remoteactor.h">
      <Filter>net</Filter>
    </ClInclude>
    <ClInclude Include="net\remoteplayer.h">
      <Filter>net</Filter>
    </ClInclude>
    <ClInclude Include="net\scriptrpc.h">
      <Filter>net</Filter>
    </ClInclude>
    <ClInclude Include="net\textdrawpool.h">
      <Filter>net</Filter>
    </ClInclude>
    <ClInclude Include="net\vehiclepool.h">
      <Filter>net</Filter>
    </ClInclude>
    <ClInclude Include="gui\common.h">
      <Filter>gui</Filter>
    </ClInclude>
    <ClInclude Include="gui\font.h">
      <Filter>gui</Filter>
    </ClInclude>
    <ClInclude Include="gui\fontmanager.h">
      <Filter>gui</Filter>
    </ClInclude>
    <ClInclude Include="gui\renderable.h">
      <Filter>gui</Filter>
    </ClInclude>
    <ClInclude Include="gui\resource.h">
      <Filter>gui</Filter>
    </ClInclude>
    <ClInclude Include="gui\stateblockmanager.h">
      <Filter>gui</Filter>
    </ClInclude>
    <ClInclude Include="gui\textbuffer.h">
      <Filter>gui</Filter>
    </ClInclude>
    <ClInclude Include="gui\textbufferbase.h">
      <Filter>gui</Filter>
    </ClInclude>
    <ClInclude Include="gui\texture.h">
      <Filter>gui</Filter>
    </ClInclude>
    <ClInclude Include="..\raknet\_findfirst.h">
      <Filter>raknet</Filter>
    </ClInclude>
    <ClInclude Include="..\raknet\AsynchronousFileIO.h">
      <Filter>raknet</Filter>
    </ClInclude>
    <ClInclude Include="..\raknet\AutopatcherPatchContext.h">
      <Filter>raknet</Filter>
    </ClInclude>
    <ClInclude Include="..\raknet\AutopatcherRepositoryInterface.h">
      <Filter>raknet</Filter>
    </ClInclude>
    <ClInclude Include="..\raknet\BigTypes.h">
      <Filter>raknet</Filter>
    </ClInclude>
    <ClInclude Include="..\raknet\BitStream.h">
      <Filter>raknet</Filter>
    </ClInclude>
    <ClInclude Include="..\raknet\BitStream_NoTemplate.h">
      <Filter>raknet</Filter>
    </ClInclude>
    <ClInclude Include="..\raknet\CheckSum.h">
      <Filter>raknet</Filter>
    </ClInclude>
    <ClInclude Include="..\raknet\ClientContextStruct.h">
      <Filter>raknet</Filter>
    </ClInclude>
    <ClInclude Include="..\raknet\DataBlockEncryptor.h">
      <Filter>raknet</Filter>
    </ClInclude>
    <ClInclude Include="..\raknet\DataCompressor.h">
      <Filter>raknet</Filter>
    </ClInclude>
    <ClInclude Include="..\raknet\DS_BinarySearchTree.h">
      <Filter>raknet</Filter>
    </ClInclude>
    <ClInclude Include="..\raknet\DS_BPlusTree.h">
      <Filter>raknet</Filter>
    </ClInclude>
    <ClInclude Include="..\raknet\DS_ByteQueue.h">
      <Filter>raknet</Filter>
    </ClInclude>
    <ClInclude Include="..\raknet\DS_Heap.h">
      <Filter>raknet</Filter>
    </ClInclude>
    <ClInclude Include="..\raknet\DS_HuffmanEncodingTree.h">
      <Filter>raknet</Filter>
    </ClInclude>
    <ClInclude Include="..\raknet\DS_HuffmanEncodingTreeFactory.h">
      <Filter>raknet</Filter>
    </ClInclude>
    <ClInclude Include="..\raknet\DS_HuffmanEncodingTreeNode.h">
      <Filter>raknet</Filter>
    </ClInclude>
    <ClInclude Include="..\raknet\DS_LinkedList.h">
      <Filter>raknet</Filter>
    </ClInclude>
    <ClInclude Include="..\raknet\DS_List.h">
      <Filter>raknet</Filter>
    </ClInclude>
    <ClInclude Include="..\raknet\DS_Map.h">
      <Filter>raknet</Filter>
    </ClInclude>
    <ClInclude Include="..\raknet\DS_MemoryPool.h">
      <Filter>raknet</Filter>
    </ClInclude>
    <ClInclude Include="..\raknet\DS_OrderedChannelHeap.h">
      <Filter>raknet</Filter>
    </ClInclude>
    <ClInclude Include="..\raknet\DS_OrderedList.h">
      <Filter>raknet</Filter>
    </ClInclude>
    <ClInclude Include="..\raknet\DS_Queue.h">
      <Filter>raknet</Filter>
    </ClInclude>
    <ClInclude Include="..\raknet\DS_QueueLinkedList.h">
      <Filter>raknet</Filter>
    </ClInclude>
    <ClInclude Include="..\raknet\DS_RangeList.h">
      <Filter>raknet</Filter>
    </ClInclude>
    <ClInclude Include="..\raknet\DS_Table.h">
      <Filter>raknet</Filter>
    </ClInclude>
    <ClInclude Include="..\raknet\DS_Tree.h">
      <Filter>raknet</Filter>
    </ClInclude>
    <ClInclude Include="..\raknet\DS_WeightedGraph.h">
      <Filter>raknet</Filter>
    </ClInclude>
    <ClInclude Include="..\raknet\Export.h">
      <Filter>raknet</Filter>
    </ClInclude>
    <ClInclude Include="..\raknet\GetTime.h">
      <Filter>raknet</Filter>
    </ClInclude>
    <ClInclude Include="..\raknet\InternalPacket.h">
      <Filter>raknet</Filter>
    </ClInclude>
    <ClInclude Include="..\raknet\InternalPacketPool.h">
      <Filter>raknet</Filter>
    </ClInclude>
    <ClInclude Include="..\raknet\LinuxStrings.h">
      <Filter>raknet</Filter>
    </ClInclude>
    <ClInclude Include="..\raknet\MTUSize.h">
      <Filter>raknet</Filter>
    </ClInclude>
    <ClInclude Include="..\raknet\multiplayer.h">
      <Filter>raknet</Filter>
    </ClInclude>
    <ClInclude Include="..\raknet\NetworkIDGenerator.h">
      <Filter>raknet</Filter>
    </ClInclude>
    <ClInclude Include="..\raknet\NetworkTypes.h">
      <Filter>raknet</Filter>
    </ClInclude>
    <ClInclude Include="..\raknet\PacketEnumerations.h">
      <Filter>raknet</Filter>
    </ClInclude>
    <ClInclude Include="..\raknet\PacketPool.h">
      <Filter>raknet</Filter>
    </ClInclude>
    <ClInclude Include="..\raknet\PacketPriority.h">
      <Filter>raknet</Filter>
    </ClInclude>
    <ClInclude Include="..\raknet\PluginInterface.h">
      <Filter>raknet</Filter>
    </ClInclude>
    <ClInclude Include="..\raknet\RakAssert.h">
      <Filter>raknet</Filter>
    </ClInclude>
    <ClInclude Include="..\raknet\RakClient.h">
      <Filter>raknet</Filter>
    </ClInclude>
    <ClInclude Include="..\raknet\RakClientInterface.h">
      <Filter>raknet</Filter>
    </ClInclude>
    <ClInclude Include="..\raknet\RakNetDefines.h">
      <Filter>raknet</Filter>
    </ClInclude>
    <ClInclude Include="..\raknet\RakNetStatistics.h">
      <Filter>raknet</Filter>
    </ClInclude>
    <ClInclude Include="..\raknet\RakNetworkFactory.h">
      <Filter>raknet</Filter>
    </ClInclude>
    <ClInclude Include="..\raknet\rakpeer.h">
      <Filter>raknet</Filter>
    </ClInclude>
    <ClInclude Include="..\raknet\rakpeerinterface.h">
      <Filter>raknet</Filter>
    </ClInclude>
    <ClInclude Include="..\raknet\RakServer.h">
      <Filter>raknet</Filter>
    </ClInclude>
    <ClInclude Include="..\raknet\rakserverinterface.h">
      <Filter>raknet</Filter>
    </ClInclude>
    <ClInclude Include="..\raknet\RakSleep.h">
      <Filter>raknet</Filter>
    </ClInclude>
    <ClInclude Include="..\raknet\Rand.h">
      <Filter>raknet</Filter>
    </ClInclude>
    <ClInclude Include="..\raknet\ReliabilityLayer.h">
      <Filter>raknet</Filter>
    </ClInclude>
    <ClInclude Include="..\raknet\Replica.h">
      <Filter>raknet</Filter>
    </ClInclude>
    <ClInclude Include="..\raknet\ReplicaEnums.h">
      <Filter>raknet</Filter>
    </ClInclude>
    <ClInclude Include="..\raknet\rijndael.h">
      <Filter>raknet</Filter>
    </ClInclude>
    <ClInclude Include="..\raknet\rijndael-boxes.h">
      <Filter>raknet</Filter>
    </ClInclude>
    <ClInclude Include="..\raknet\RouterInterface.h">
      <Filter>raknet</Filter>
    </ClInclude>
    <ClInclude Include="..\raknet\RPCMap.h">
      <Filter>raknet</Filter>
    </ClInclude>
    <ClInclude Include="..\raknet\RPCNode.h">
      <Filter>raknet</Filter>
    </ClInclude>
    <ClInclude Include="..\raknet\RSACrypt.h">
      <Filter>raknet</Filter>
    </ClInclude>
    <ClInclude Include="..\raknet\SHA1.h">
      <Filter>raknet</Filter>
    </ClInclude>
    <ClInclude Include="..\raknet\SimpleMutex.h">
      <Filter>raknet</Filter>
    </ClInclude>
    <ClInclude Include="..\raknet\SingleProducerConsumer.h">
      <Filter>raknet</Filter>
    </ClInclude>
    <ClInclude Include="..\raknet\SocketLayer.h">
      <Filter>raknet</Filter>
    </ClInclude>
    <ClInclude Include="..\raknet\StringCompressor.h">
      <Filter>raknet</Filter>
    </ClInclude>
    <ClInclude Include="..\raknet\StringTable.h">
      <Filter>raknet</Filter>
    </ClInclude>
    <ClInclude Include="..\raknet\systemaddresslist.h">
      <Filter>raknet</Filter>
    </ClInclude>
    <ClInclude Include="..\raknet\TableSerializer.h">
      <Filter>raknet</Filter>
    </ClInclude>
    <ClInclude Include="..\raknet\ThreadPool.h">
      <Filter>raknet</Filter>
    </ClInclude>
    <ClInclude Include="..\raknet\Types.h">
      <Filter>raknet</Filter>
    </ClInclude>
    <ClInclude Include="d3d9\common\dxstdafx.h">
      <Filter>CDX</Filter>
    </ClInclude>
    <ClInclude Include="d3d9\common\DXUT.h">
      <Filter>CDX</Filter>
    </ClInclude>
    <ClInclude Include="d3d9\common\DXUTenum.h">
      <Filter>CDX</Filter>
    </ClInclude>
    <ClInclude Include="d3d9\common\DXUTgui.h">
      <Filter>CDX</Filter>
    </ClInclude>
    <ClInclude Include="d3d9\common\DXUTMesh.h">
      <Filter>CDX</Filter>
    </ClInclude>
    <ClInclude Include="d3d9\common\DXUTmisc.h">
      <Filter>CDX</Filter>
    </ClInclude>
    <ClInclude Include="d3d9\common\DXUTSettingsDlg.h">
      <Filter>CDX</Filter>
    </ClInclude>
    <ClInclude Include="d3dhook\IDirect3DDevice9Hook.h">
      <Filter>d3d9</Filter>
    </ClInclude>
    <ClInclude Include="..\raknet\SAMP\samp_auth.h">
      <Filter>raknet\samp</Filter>
    </ClInclude>
    <ClInclude Include="..\raknet\SAMP\samp_netencr.h">
      <Filter>raknet\samp</Filter>
    </ClInclude>
    <ClInclude Include="..\raknet\SAMP\SAMP_VER.h">
      <Filter>raknet\samp</Filter>
    </ClInclude>
    <ClInclude Include="..\raknet\SAMP\SAMPRPC.h">
      <Filter>raknet\samp</Filter>
    </ClInclude>
    <ClInclude Include="net\labelpool.h" />
  </ItemGroup>
  <ItemGroup>
    <Filter Include="game">
      <UniqueIdentifier>{15d56ecc-b4ed-4353-8c98-841cc1291973}</UniqueIdentifier>
    </Filter>
    <Filter Include="net">
      <UniqueIdentifier>{b38c6a8e-9ca2-41df-8549-6820776f8462}</UniqueIdentifier>
    </Filter>
    <Filter Include="gui">
      <UniqueIdentifier>{6bdbb77c-742c-4400-8417-44ee77078be6}</UniqueIdentifier>
    </Filter>
    <Filter Include="raknet">
      <UniqueIdentifier>{b01855fb-9d10-48e9-9150-91ee411d53f3}</UniqueIdentifier>
    </Filter>
    <Filter Include="CDX">
      <UniqueIdentifier>{5b989103-2a92-4207-a488-cc301ec048d4}</UniqueIdentifier>
    </Filter>
    <Filter Include="d3d9">
      <UniqueIdentifier>{81ebf8c4-5b18-4128-8105-d16df975fd62}</UniqueIdentifier>
    </Filter>
    <Filter Include="raknet\samp">
      <UniqueIdentifier>{d29d2c36-2642-44c2-bec5-ed9793504dfc}</UniqueIdentifier>
    </Filter>
  </ItemGroup>
</Project>